// !$*UTF8*$!
{
	archiveVersion = 1;
	classes = {
	};
	objectVersion = 46;
	objects = {

/* Begin PBXBuildFile section */
		951315771B3FE43100039B26 /* Enums.swift in Sources */ = {isa = PBXBuildFile; fileRef = 951315761B3FE43100039B26 /* Enums.swift */; };
		951315791B3FE45200039B26 /* EkkoResponder.swift in Sources */ = {isa = PBXBuildFile; fileRef = 951315781B3FE45200039B26 /* EkkoResponder.swift */; };
		954FDA1D1B3FA0BF00F97FFF /* AppDelegate.swift in Sources */ = {isa = PBXBuildFile; fileRef = 954FDA1C1B3FA0BF00F97FFF /* AppDelegate.swift */; };
		954FDA1F1B3FA0BF00F97FFF /* Assets.xcassets in Resources */ = {isa = PBXBuildFile; fileRef = 954FDA1E1B3FA0BF00F97FFF /* Assets.xcassets */; };
		954FDA221B3FA0BF00F97FFF /* MainMenu.xib in Resources */ = {isa = PBXBuildFile; fileRef = 954FDA201B3FA0BF00F97FFF /* MainMenu.xib */; };
		954FDA2D1B3FA0BF00F97FFF /* EkkoTests.swift in Sources */ = {isa = PBXBuildFile; fileRef = 954FDA2C1B3FA0BF00F97FFF /* EkkoTests.swift */; };
		954FDA381B3FA0BF00F97FFF /* EkkoUITests.swift in Sources */ = {isa = PBXBuildFile; fileRef = 954FDA371B3FA0BF00F97FFF /* EkkoUITests.swift */; };
/* End PBXBuildFile section */

/* Begin PBXContainerItemProxy section */
		954FDA291B3FA0BF00F97FFF /* PBXContainerItemProxy */ = {
			isa = PBXContainerItemProxy;
			containerPortal = 954FDA111B3FA0BF00F97FFF /* Project object */;
			proxyType = 1;
			remoteGlobalIDString = 954FDA181B3FA0BF00F97FFF;
			remoteInfo = Ekko;
		};
		954FDA341B3FA0BF00F97FFF /* PBXContainerItemProxy */ = {
			isa = PBXContainerItemProxy;
			containerPortal = 954FDA111B3FA0BF00F97FFF /* Project object */;
			proxyType = 1;
			remoteGlobalIDString = 954FDA181B3FA0BF00F97FFF;
			remoteInfo = Ekko;
		};
/* End PBXContainerItemProxy section */

/* Begin PBXFileReference section */
		951315761B3FE43100039B26 /* Enums.swift */ = {isa = PBXFileReference; fileEncoding = 4; lastKnownFileType = sourcecode.swift; path = Enums.swift; sourceTree = "<group>"; };
		951315781B3FE45200039B26 /* EkkoResponder.swift */ = {isa = PBXFileReference; fileEncoding = 4; lastKnownFileType = sourcecode.swift; path = EkkoResponder.swift; sourceTree = "<group>"; };
		954FDA191B3FA0BF00F97FFF /* Ekko.app */ = {isa = PBXFileReference; explicitFileType = wrapper.application; includeInIndex = 0; path = Ekko.app; sourceTree = BUILT_PRODUCTS_DIR; };
		954FDA1C1B3FA0BF00F97FFF /* AppDelegate.swift */ = {isa = PBXFileReference; lastKnownFileType = sourcecode.swift; path = AppDelegate.swift; sourceTree = "<group>"; };
		954FDA1E1B3FA0BF00F97FFF /* Assets.xcassets */ = {isa = PBXFileReference; lastKnownFileType = folder.assetcatalog; path = Assets.xcassets; sourceTree = "<group>"; };
		954FDA211B3FA0BF00F97FFF /* Base */ = {isa = PBXFileReference; lastKnownFileType = file.xib; name = Base; path = Base.lproj/MainMenu.xib; sourceTree = "<group>"; };
		954FDA231B3FA0BF00F97FFF /* Info.plist */ = {isa = PBXFileReference; lastKnownFileType = text.plist.xml; path = Info.plist; sourceTree = "<group>"; };
		954FDA281B3FA0BF00F97FFF /* EkkoTests.xctest */ = {isa = PBXFileReference; explicitFileType = wrapper.cfbundle; includeInIndex = 0; path = EkkoTests.xctest; sourceTree = BUILT_PRODUCTS_DIR; };
		954FDA2C1B3FA0BF00F97FFF /* EkkoTests.swift */ = {isa = PBXFileReference; lastKnownFileType = sourcecode.swift; path = EkkoTests.swift; sourceTree = "<group>"; };
		954FDA2E1B3FA0BF00F97FFF /* Info.plist */ = {isa = PBXFileReference; lastKnownFileType = text.plist.xml; path = Info.plist; sourceTree = "<group>"; };
		954FDA331B3FA0BF00F97FFF /* EkkoUITests.xctest */ = {isa = PBXFileReference; explicitFileType = wrapper.cfbundle; includeInIndex = 0; path = EkkoUITests.xctest; sourceTree = BUILT_PRODUCTS_DIR; };
		954FDA371B3FA0BF00F97FFF /* EkkoUITests.swift */ = {isa = PBXFileReference; lastKnownFileType = sourcecode.swift; path = EkkoUITests.swift; sourceTree = "<group>"; };
		954FDA391B3FA0BF00F97FFF /* Info.plist */ = {isa = PBXFileReference; lastKnownFileType = text.plist.xml; path = Info.plist; sourceTree = "<group>"; };
/* End PBXFileReference section */

/* Begin PBXFrameworksBuildPhase section */
		954FDA161B3FA0BF00F97FFF /* Frameworks */ = {
			isa = PBXFrameworksBuildPhase;
			buildActionMask = 2147483647;
			files = (
			);
			runOnlyForDeploymentPostprocessing = 0;
		};
		954FDA251B3FA0BF00F97FFF /* Frameworks */ = {
			isa = PBXFrameworksBuildPhase;
			buildActionMask = 2147483647;
			files = (
			);
			runOnlyForDeploymentPostprocessing = 0;
		};
		954FDA301B3FA0BF00F97FFF /* Frameworks */ = {
			isa = PBXFrameworksBuildPhase;
			buildActionMask = 2147483647;
			files = (
			);
			runOnlyForDeploymentPostprocessing = 0;
		};
/* End PBXFrameworksBuildPhase section */

/* Begin PBXGroup section */
		954FDA101B3FA0BF00F97FFF = {
			isa = PBXGroup;
			children = (
				954FDA1B1B3FA0BF00F97FFF /* Ekko */,
				954FDA2B1B3FA0BF00F97FFF /* EkkoTests */,
				954FDA361B3FA0BF00F97FFF /* EkkoUITests */,
				954FDA1A1B3FA0BF00F97FFF /* Products */,
			);
			sourceTree = "<group>";
		};
		954FDA1A1B3FA0BF00F97FFF /* Products */ = {
			isa = PBXGroup;
			children = (
				954FDA191B3FA0BF00F97FFF /* Ekko.app */,
				954FDA281B3FA0BF00F97FFF /* EkkoTests.xctest */,
				954FDA331B3FA0BF00F97FFF /* EkkoUITests.xctest */,
			);
			name = Products;
			sourceTree = "<group>";
		};
		954FDA1B1B3FA0BF00F97FFF /* Ekko */ = {
			isa = PBXGroup;
			children = (
				954FDA1C1B3FA0BF00F97FFF /* AppDelegate.swift */,
				951315781B3FE45200039B26 /* EkkoResponder.swift */,
				951315761B3FE43100039B26 /* Enums.swift */,
				954FDA1E1B3FA0BF00F97FFF /* Assets.xcassets */,
				954FDA201B3FA0BF00F97FFF /* MainMenu.xib */,
				954FDA231B3FA0BF00F97FFF /* Info.plist */,
			);
			path = Ekko;
			sourceTree = "<group>";
		};
		954FDA2B1B3FA0BF00F97FFF /* EkkoTests */ = {
			isa = PBXGroup;
			children = (
				954FDA2C1B3FA0BF00F97FFF /* EkkoTests.swift */,
				954FDA2E1B3FA0BF00F97FFF /* Info.plist */,
			);
			path = EkkoTests;
			sourceTree = "<group>";
		};
		954FDA361B3FA0BF00F97FFF /* EkkoUITests */ = {
			isa = PBXGroup;
			children = (
				954FDA371B3FA0BF00F97FFF /* EkkoUITests.swift */,
				954FDA391B3FA0BF00F97FFF /* Info.plist */,
			);
			path = EkkoUITests;
			sourceTree = "<group>";
		};
/* End PBXGroup section */

/* Begin PBXNativeTarget section */
		954FDA181B3FA0BF00F97FFF /* Ekko */ = {
			isa = PBXNativeTarget;
			buildConfigurationList = 954FDA3C1B3FA0BF00F97FFF /* Build configuration list for PBXNativeTarget "Ekko" */;
			buildPhases = (
				954FDA151B3FA0BF00F97FFF /* Sources */,
				954FDA161B3FA0BF00F97FFF /* Frameworks */,
				954FDA171B3FA0BF00F97FFF /* Resources */,
			);
			buildRules = (
			);
			dependencies = (
			);
			name = Ekko;
			productName = Ekko;
			productReference = 954FDA191B3FA0BF00F97FFF /* Ekko.app */;
			productType = "com.apple.product-type.application";
		};
		954FDA271B3FA0BF00F97FFF /* EkkoTests */ = {
			isa = PBXNativeTarget;
			buildConfigurationList = 954FDA3F1B3FA0BF00F97FFF /* Build configuration list for PBXNativeTarget "EkkoTests" */;
			buildPhases = (
				954FDA241B3FA0BF00F97FFF /* Sources */,
				954FDA251B3FA0BF00F97FFF /* Frameworks */,
				954FDA261B3FA0BF00F97FFF /* Resources */,
			);
			buildRules = (
			);
			dependencies = (
				954FDA2A1B3FA0BF00F97FFF /* PBXTargetDependency */,
			);
			name = EkkoTests;
			productName = EkkoTests;
			productReference = 954FDA281B3FA0BF00F97FFF /* EkkoTests.xctest */;
			productType = "com.apple.product-type.bundle.unit-test";
		};
		954FDA321B3FA0BF00F97FFF /* EkkoUITests */ = {
			isa = PBXNativeTarget;
			buildConfigurationList = 954FDA421B3FA0BF00F97FFF /* Build configuration list for PBXNativeTarget "EkkoUITests" */;
			buildPhases = (
				954FDA2F1B3FA0BF00F97FFF /* Sources */,
				954FDA301B3FA0BF00F97FFF /* Frameworks */,
				954FDA311B3FA0BF00F97FFF /* Resources */,
			);
			buildRules = (
			);
			dependencies = (
				954FDA351B3FA0BF00F97FFF /* PBXTargetDependency */,
			);
			name = EkkoUITests;
			productName = EkkoUITests;
			productReference = 954FDA331B3FA0BF00F97FFF /* EkkoUITests.xctest */;
			productType = "com.apple.product-type.bundle.ui-testing";
		};
/* End PBXNativeTarget section */

/* Begin PBXProject section */
		954FDA111B3FA0BF00F97FFF /* Project object */ = {
			isa = PBXProject;
			attributes = {
				LastUpgradeCheck = 0700;
				ORGANIZATIONNAME = GreylockBetas;
				TargetAttributes = {
					954FDA181B3FA0BF00F97FFF = {
						CreatedOnToolsVersion = 7.0;
					};
					954FDA271B3FA0BF00F97FFF = {
						CreatedOnToolsVersion = 7.0;
						TestTargetID = 954FDA181B3FA0BF00F97FFF;
					};
					954FDA321B3FA0BF00F97FFF = {
						CreatedOnToolsVersion = 7.0;
						TestTargetID = 954FDA181B3FA0BF00F97FFF;
					};
				};
			};
			buildConfigurationList = 954FDA141B3FA0BF00F97FFF /* Build configuration list for PBXProject "Ekko" */;
			compatibilityVersion = "Xcode 3.2";
			developmentRegion = English;
			hasScannedForEncodings = 0;
			knownRegions = (
				en,
				Base,
			);
			mainGroup = 954FDA101B3FA0BF00F97FFF;
			productRefGroup = 954FDA1A1B3FA0BF00F97FFF /* Products */;
			projectDirPath = "";
			projectRoot = "";
			targets = (
				954FDA181B3FA0BF00F97FFF /* Ekko */,
				954FDA271B3FA0BF00F97FFF /* EkkoTests */,
				954FDA321B3FA0BF00F97FFF /* EkkoUITests */,
			);
		};
/* End PBXProject section */

/* Begin PBXResourcesBuildPhase section */
		954FDA171B3FA0BF00F97FFF /* Resources */ = {
			isa = PBXResourcesBuildPhase;
			buildActionMask = 2147483647;
			files = (
				954FDA1F1B3FA0BF00F97FFF /* Assets.xcassets in Resources */,
				954FDA221B3FA0BF00F97FFF /* MainMenu.xib in Resources */,
			);
			runOnlyForDeploymentPostprocessing = 0;
		};
		954FDA261B3FA0BF00F97FFF /* Resources */ = {
			isa = PBXResourcesBuildPhase;
			buildActionMask = 2147483647;
			files = (
			);
			runOnlyForDeploymentPostprocessing = 0;
		};
		954FDA311B3FA0BF00F97FFF /* Resources */ = {
			isa = PBXResourcesBuildPhase;
			buildActionMask = 2147483647;
			files = (
			);
			runOnlyForDeploymentPostprocessing = 0;
		};
/* End PBXResourcesBuildPhase section */

/* Begin PBXSourcesBuildPhase section */
		954FDA151B3FA0BF00F97FFF /* Sources */ = {
			isa = PBXSourcesBuildPhase;
			buildActionMask = 2147483647;
			files = (
				951315771B3FE43100039B26 /* Enums.swift in Sources */,
				951315791B3FE45200039B26 /* EkkoResponder.swift in Sources */,
				954FDA1D1B3FA0BF00F97FFF /* AppDelegate.swift in Sources */,
			);
			runOnlyForDeploymentPostprocessing = 0;
		};
		954FDA241B3FA0BF00F97FFF /* Sources */ = {
			isa = PBXSourcesBuildPhase;
			buildActionMask = 2147483647;
			files = (
				954FDA2D1B3FA0BF00F97FFF /* EkkoTests.swift in Sources */,
			);
			runOnlyForDeploymentPostprocessing = 0;
		};
		954FDA2F1B3FA0BF00F97FFF /* Sources */ = {
			isa = PBXSourcesBuildPhase;
			buildActionMask = 2147483647;
			files = (
				954FDA381B3FA0BF00F97FFF /* EkkoUITests.swift in Sources */,
			);
			runOnlyForDeploymentPostprocessing = 0;
		};
/* End PBXSourcesBuildPhase section */

/* Begin PBXTargetDependency section */
		954FDA2A1B3FA0BF00F97FFF /* PBXTargetDependency */ = {
			isa = PBXTargetDependency;
			target = 954FDA181B3FA0BF00F97FFF /* Ekko */;
			targetProxy = 954FDA291B3FA0BF00F97FFF /* PBXContainerItemProxy */;
		};
		954FDA351B3FA0BF00F97FFF /* PBXTargetDependency */ = {
			isa = PBXTargetDependency;
			target = 954FDA181B3FA0BF00F97FFF /* Ekko */;
			targetProxy = 954FDA341B3FA0BF00F97FFF /* PBXContainerItemProxy */;
		};
/* End PBXTargetDependency section */

/* Begin PBXVariantGroup section */
		954FDA201B3FA0BF00F97FFF /* MainMenu.xib */ = {
			isa = PBXVariantGroup;
			children = (
				954FDA211B3FA0BF00F97FFF /* Base */,
			);
			name = MainMenu.xib;
			sourceTree = "<group>";
		};
/* End PBXVariantGroup section */

/* Begin XCBuildConfiguration section */
		954FDA3A1B3FA0BF00F97FFF /* Debug */ = {
			isa = XCBuildConfiguration;
			buildSettings = {
				ALWAYS_SEARCH_USER_PATHS = NO;
				CLANG_CXX_LANGUAGE_STANDARD = "gnu++0x";
				CLANG_CXX_LIBRARY = "libc++";
				CLANG_ENABLE_MODULES = YES;
				CLANG_ENABLE_OBJC_ARC = YES;
				CLANG_WARN_BOOL_CONVERSION = YES;
				CLANG_WARN_CONSTANT_CONVERSION = YES;
				CLANG_WARN_DIRECT_OBJC_ISA_USAGE = YES_ERROR;
				CLANG_WARN_EMPTY_BODY = YES;
				CLANG_WARN_ENUM_CONVERSION = YES;
				CLANG_WARN_INT_CONVERSION = YES;
				CLANG_WARN_OBJC_ROOT_CLASS = YES_ERROR;
				CLANG_WARN_UNREACHABLE_CODE = YES;
				CLANG_WARN__DUPLICATE_METHOD_MATCH = YES;
				CODE_SIGN_IDENTITY = "-";
				COPY_PHASE_STRIP = NO;
				DEBUG_INFORMATION_FORMAT = dwarf;
				ENABLE_STRICT_OBJC_MSGSEND = YES;
				ENABLE_TESTABILITY = YES;
				GCC_C_LANGUAGE_STANDARD = gnu99;
				GCC_DYNAMIC_NO_PIC = NO;
				GCC_NO_COMMON_BLOCKS = YES;
				GCC_OPTIMIZATION_LEVEL = 0;
				GCC_PREPROCESSOR_DEFINITIONS = (
					"DEBUG=1",
					"$(inherited)",
				);
				GCC_WARN_64_TO_32_BIT_CONVERSION = YES;
				GCC_WARN_ABOUT_RETURN_TYPE = YES_ERROR;
				GCC_WARN_UNDECLARED_SELECTOR = YES;
				GCC_WARN_UNINITIALIZED_AUTOS = YES_AGGRESSIVE;
				GCC_WARN_UNUSED_FUNCTION = YES;
				GCC_WARN_UNUSED_VARIABLE = YES;
				MACOSX_DEPLOYMENT_TARGET = 10.10;
				MTL_ENABLE_DEBUG_INFO = YES;
				ONLY_ACTIVE_ARCH = YES;
				SDKROOT = macosx;
				SWIFT_OPTIMIZATION_LEVEL = "-Onone";
			};
			name = Debug;
		};
		954FDA3B1B3FA0BF00F97FFF /* Release */ = {
			isa = XCBuildConfiguration;
			buildSettings = {
				ALWAYS_SEARCH_USER_PATHS = NO;
				CLANG_CXX_LANGUAGE_STANDARD = "gnu++0x";
				CLANG_CXX_LIBRARY = "libc++";
				CLANG_ENABLE_MODULES = YES;
				CLANG_ENABLE_OBJC_ARC = YES;
				CLANG_WARN_BOOL_CONVERSION = YES;
				CLANG_WARN_CONSTANT_CONVERSION = YES;
				CLANG_WARN_DIRECT_OBJC_ISA_USAGE = YES_ERROR;
				CLANG_WARN_EMPTY_BODY = YES;
				CLANG_WARN_ENUM_CONVERSION = YES;
				CLANG_WARN_INT_CONVERSION = YES;
				CLANG_WARN_OBJC_ROOT_CLASS = YES_ERROR;
				CLANG_WARN_UNREACHABLE_CODE = YES;
				CLANG_WARN__DUPLICATE_METHOD_MATCH = YES;
				CODE_SIGN_IDENTITY = "-";
				COPY_PHASE_STRIP = NO;
				DEBUG_INFORMATION_FORMAT = "dwarf-with-dsym";
				ENABLE_NS_ASSERTIONS = NO;
				ENABLE_STRICT_OBJC_MSGSEND = YES;
				GCC_C_LANGUAGE_STANDARD = gnu99;
				GCC_NO_COMMON_BLOCKS = YES;
				GCC_WARN_64_TO_32_BIT_CONVERSION = YES;
				GCC_WARN_ABOUT_RETURN_TYPE = YES_ERROR;
				GCC_WARN_UNDECLARED_SELECTOR = YES;
				GCC_WARN_UNINITIALIZED_AUTOS = YES_AGGRESSIVE;
				GCC_WARN_UNUSED_FUNCTION = YES;
				GCC_WARN_UNUSED_VARIABLE = YES;
				MACOSX_DEPLOYMENT_TARGET = 10.10;
				MTL_ENABLE_DEBUG_INFO = NO;
				SDKROOT = macosx;
			};
			name = Release;
		};
		954FDA3D1B3FA0BF00F97FFF /* Debug */ = {
			isa = XCBuildConfiguration;
			buildSettings = {
				ASSETCATALOG_COMPILER_APPICON_NAME = AppIcon;
				COMBINE_HIDPI_IMAGES = YES;
				INFOPLIST_FILE = Ekko/Info.plist;
				LD_RUNPATH_SEARCH_PATHS = "$(inherited) @executable_path/../Frameworks";
				PRODUCT_BUNDLE_IDENTIFIER = GreylockBetas.Ekko;
				PRODUCT_NAME = "$(TARGET_NAME)";
			};
			name = Debug;
		};
		954FDA3E1B3FA0BF00F97FFF /* Release */ = {
			isa = XCBuildConfiguration;
			buildSettings = {
				ASSETCATALOG_COMPILER_APPICON_NAME = AppIcon;
				COMBINE_HIDPI_IMAGES = YES;
				INFOPLIST_FILE = Ekko/Info.plist;
				LD_RUNPATH_SEARCH_PATHS = "$(inherited) @executable_path/../Frameworks";
				PRODUCT_BUNDLE_IDENTIFIER = GreylockBetas.Ekko;
				PRODUCT_NAME = "$(TARGET_NAME)";
			};
			name = Release;
		};
		954FDA401B3FA0BF00F97FFF /* Debug */ = {
			isa = XCBuildConfiguration;
			buildSettings = {
				BUNDLE_LOADER = "$(TEST_HOST)";
				COMBINE_HIDPI_IMAGES = YES;
				INFOPLIST_FILE = EkkoTests/Info.plist;
				LD_RUNPATH_SEARCH_PATHS = "$(inherited) @executable_path/../Frameworks @loader_path/../Frameworks";
				PRODUCT_BUNDLE_IDENTIFIER = GreylockBetas.EkkoTests;
				PRODUCT_NAME = "$(TARGET_NAME)";
				TEST_HOST = "$(BUILT_PRODUCTS_DIR)/Ekko.app/Contents/MacOS/Ekko";
			};
			name = Debug;
		};
		954FDA411B3FA0BF00F97FFF /* Release */ = {
			isa = XCBuildConfiguration;
			buildSettings = {
				BUNDLE_LOADER = "$(TEST_HOST)";
				COMBINE_HIDPI_IMAGES = YES;
				INFOPLIST_FILE = EkkoTests/Info.plist;
				LD_RUNPATH_SEARCH_PATHS = "$(inherited) @executable_path/../Frameworks @loader_path/../Frameworks";
				PRODUCT_BUNDLE_IDENTIFIER = GreylockBetas.EkkoTests;
				PRODUCT_NAME = "$(TARGET_NAME)";
				TEST_HOST = "$(BUILT_PRODUCTS_DIR)/Ekko.app/Contents/MacOS/Ekko";
			};
			name = Release;
		};
		954FDA431B3FA0BF00F97FFF /* Debug */ = {
			isa = XCBuildConfiguration;
			buildSettings = {
				COMBINE_HIDPI_IMAGES = YES;
				INFOPLIST_FILE = EkkoUITests/Info.plist;
				LD_RUNPATH_SEARCH_PATHS = "$(inherited) @executable_path/../Frameworks @loader_path/../Frameworks";
				PRODUCT_BUNDLE_IDENTIFIER = GreylockBetas.EkkoUITests;
				PRODUCT_NAME = "$(TARGET_NAME)";
				TEST_TARGET_NAME = Ekko;
				USES_XCTRUNNER = YES;
			};
			name = Debug;
		};
		954FDA441B3FA0BF00F97FFF /* Release */ = {
			isa = XCBuildConfiguration;
			buildSettings = {
				COMBINE_HIDPI_IMAGES = YES;
				INFOPLIST_FILE = EkkoUITests/Info.plist;
				LD_RUNPATH_SEARCH_PATHS = "$(inherited) @executable_path/../Frameworks @loader_path/../Frameworks";
				PRODUCT_BUNDLE_IDENTIFIER = GreylockBetas.EkkoUITests;
				PRODUCT_NAME = "$(TARGET_NAME)";
				TEST_TARGET_NAME = Ekko;
				USES_XCTRUNNER = YES;
			};
			name = Release;
		};
/* End XCBuildConfiguration section */

/* Begin XCConfigurationList section */
		954FDA141B3FA0BF00F97FFF /* Build configuration list for PBXProject "Ekko" */ = {
			isa = XCConfigurationList;
			buildConfigurations = (
				954FDA3A1B3FA0BF00F97FFF /* Debug */,
				954FDA3B1B3FA0BF00F97FFF /* Release */,
			);
			defaultConfigurationIsVisible = 0;
			defaultConfigurationName = Release;
		};
		954FDA3C1B3FA0BF00F97FFF /* Build configuration list for PBXNativeTarget "Ekko" */ = {
			isa = XCConfigurationList;
			buildConfigurations = (
				954FDA3D1B3FA0BF00F97FFF /* Debug */,
				954FDA3E1B3FA0BF00F97FFF /* Release */,
			);
			defaultConfigurationIsVisible = 0;
			defaultConfigurationName = Release;
		};
		954FDA3F1B3FA0BF00F97FFF /* Build configuration list for PBXNativeTarget "EkkoTests" */ = {
			isa = XCConfigurationList;
			buildConfigurations = (
				954FDA401B3FA0BF00F97FFF /* Debug */,
				954FDA411B3FA0BF00F97FFF /* Release */,
			);
			defaultConfigurationIsVisible = 0;
			defaultConfigurationName = Release;
		};
		954FDA421B3FA0BF00F97FFF /* Build configuration list for PBXNativeTarget "EkkoUITests" */ = {
			isa = XCConfigurationList;
			buildConfigurations = (
				954FDA431B3FA0BF00F97FFF /* Debug */,
				954FDA441B3FA0BF00F97FFF /* Release */,
			);
			defaultConfigurationIsVisible = 0;
			defaultConfigurationName = Release;
		};
/* End XCConfigurationList section */
	};
	rootObject = 954FDA111B3FA0BF00F97FFF /* Project object */;
}
